
Microsoft Visual Studio Solution File, Format Version 12.00
# Visual Studio 15
Project("{FAE04EC0-301F-11D3-BF4B-00C04F79EFBC}") = "Assembly-CSharp", "Assembly-CSharp.csproj", "{55DFEC23-12AC-000D-272C-782DF7A20F91}"
EndProject
Project("{FAE04EC0-301F-11D3-BF4B-00C04F79EFBC}") = "Assembly-CSharp-firstpass", "Assembly-CSharp-firstpass.csproj", "{67A8E25F-D7E5-7407-3758-B6D2787A223C}"
EndProject
Global
	GlobalSection(SolutionConfigurationPlatforms) = preSolution
		Debug|Any CPU = Debug|Any CPU
		Release|Any CPU = Release|Any CPU
	EndGlobalSection
	GlobalSection(ProjectConfigurationPlatforms) = postSolution
		{55DFEC23-12AC-000D-272C-782DF7A20F91}.Debug|Any CPU.ActiveCfg = Debug|Any CPU
		{55DFEC23-12AC-000D-272C-782DF7A20F91}.Debug|Any CPU.Build.0 = Debug|Any CPU
		{55DFEC23-12AC-000D-272C-782DF7A20F91}.Release|Any CPU.ActiveCfg = Release|Any CPU
		{55DFEC23-12AC-000D-272C-782DF7A20F91}.Release|Any CPU.Build.0 = Release|Any CPU
		{67A8E25F-D7E5-7407-3758-B6D2787A223C}.Debug|Any CPU.ActiveCfg = Debug|Any CPU
		{67A8E25F-D7E5-7407-3758-B6D2787A223C}.Debug|Any CPU.Build.0 = Debug|Any CPU
		{67A8E25F-D7E5-7407-3758-B6D2787A223C}.Release|Any CPU.ActiveCfg = Release|Any CPU
		{67A8E25F-D7E5-7407-3758-B6D2787A223C}.Release|Any CPU.Build.0 = Release|Any CPU
	EndGlobalSection
	GlobalSection(SolutionProperties) = preSolution
		HideSolutionNode = FALSE
	EndGlobalSection
EndGlobal
